
Microsoft Visual Studio Solution File, Format Version 12.00
# Visual Studio 14
VisualStudioVersion = 14.0.23107.0
MinimumVisualStudioVersion = 10.0.40219.1
Project("{FAE04EC0-301F-11D3-BF4B-00C04F79EFBC}") = "app3", "app3\app3.csproj", "{289C44F6-2A4E-4568-A480-3A9D2795D5BE}"
EndProject
Project("{FAE04EC0-301F-11D3-BF4B-00C04F79EFBC}") = "Users", "Users\Users.csproj", "{D5637ED5-F9B1-452D-B5A6-C68151C2E54A}"
EndProject
Project("{FAE04EC0-301F-11D3-BF4B-00C04F79EFBC}") = "Datos", "Datos\Datos.csproj", "{9590DD4C-21DC-481C-96A7-F8002983F094}"
EndProject
Global
	GlobalSection(SolutionConfigurationPlatforms) = preSolution
		Debug|Any CPU = Debug|Any CPU
		Release|Any CPU = Release|Any CPU
	EndGlobalSection
	GlobalSection(ProjectConfigurationPlatforms) = postSolution
		{289C44F6-2A4E-4568-A480-3A9D2795D5BE}.Debug|Any CPU.ActiveCfg = Debug|Any CPU
		{289C44F6-2A4E-4568-A480-3A9D2795D5BE}.Debug|Any CPU.Build.0 = Debug|Any CPU
		{289C44F6-2A4E-4568-A480-3A9D2795D5BE}.Release|Any CPU.ActiveCfg = Release|Any CPU
		{289C44F6-2A4E-4568-A480-3A9D2795D5BE}.Release|Any CPU.Build.0 = Release|Any CPU
		{D5637ED5-F9B1-452D-B5A6-C68151C2E54A}.Debug|Any CPU.ActiveCfg = Debug|Any CPU
		{D5637ED5-F9B1-452D-B5A6-C68151C2E54A}.Debug|Any CPU.Build.0 = Debug|Any CPU
		{D5637ED5-F9B1-452D-B5A6-C68151C2E54A}.Release|Any CPU.ActiveCfg = Release|Any CPU
		{D5637ED5-F9B1-452D-B5A6-C68151C2E54A}.Release|Any CPU.Build.0 = Release|Any CPU
		{9590DD4C-21DC-481C-96A7-F8002983F094}.Debug|Any CPU.ActiveCfg = Debug|Any CPU
		{9590DD4C-21DC-481C-96A7-F8002983F094}.Debug|Any CPU.Build.0 = Debug|Any CPU
		{9590DD4C-21DC-481C-96A7-F8002983F094}.Release|Any CPU.ActiveCfg = Release|Any CPU
		{9590DD4C-21DC-481C-96A7-F8002983F094}.Release|Any CPU.Build.0 = Release|Any CPU
	EndGlobalSection
	GlobalSection(SolutionProperties) = preSolution
		HideSolutionNode = FALSE
	EndGlobalSection
	GlobalSection(TeamFoundationVersionControl) = preSolution
		SccNumberOfProjects = 4
		SccEnterpriseProvider = {4CA58AB2-18FA-4F8D-95D4-32DDF27D184C}
		SccTeamFoundationServer = https://proyectostareas1.visualstudio.com/defaultcollection
		SccLocalPath0 = .
		SccProjectUniqueName1 = app3\\app3.csproj
		SccProjectName1 = app3
		SccLocalPath1 = app3
		SccProjectUniqueName2 = Users\\Users.csproj
		SccProjectName2 = Users
		SccLocalPath2 = Users
		SccProjectUniqueName3 = Datos\\Datos.csproj
		SccProjectName3 = Datos
		SccLocalPath3 = Datos
	EndGlobalSection
EndGlobal
